
Microsoft Visual Studio Solution File, Format Version 12.00
# Visual Studio Version 17
VisualStudioVersion = 17.12.35521.163
MinimumVisualStudioVersion = 10.0.40219.1
Project("{8BC9CEB8-8B4A-11D0-8D11-00A0C91BC942}") = "practice01", "practice\practice01\practice01.vcxproj", "{B350C308-C442-4EAE-B1F2-139D1A8A6D22}"
EndProject
Project("{8BC9CEB8-8B4A-11D0-8D11-00A0C91BC942}") = "practice02", "practice\practice02\practice02.vcxproj", "{6435B1A0-46A5-4BB2-A8E4-C525F849CDCB}"
EndProject
Project("{8BC9CEB8-8B4A-11D0-8D11-00A0C91BC942}") = "project01", "projects\project01\project01.vcxproj", "{17923A17-6EFE-433F-B325-3D68457F47BF}"
EndProject
Project("{8BC9CEB8-8B4A-11D0-8D11-00A0C91BC942}") = "practice05_2b", "practice\practice05\practice05_2b\practice05_2b.vcxproj", "{1DDEC41F-9FE8-4DB9-9345-26424CF7A7F0}"
EndProject
Project("{8BC9CEB8-8B4A-11D0-8D11-00A0C91BC942}") = "practice05_1b", "practice\practice05\practice05_1b\practice05_1b.vcxproj", "{F2CA1032-8F21-4876-A1F0-6DA3F7269426}"
EndProject
Project("{8BC9CEB8-8B4A-11D0-8D11-00A0C91BC942}") = "practice05_3a", "practice\practice05\practice05_3a\practice05_3a.vcxproj", "{9A89BBC4-A6E4-4153-A60C-1B387A13E3C3}"
EndProject
Project("{8BC9CEB8-8B4A-11D0-8D11-00A0C91BC942}") = "practice03", "practice\practice03\practice03.vcxproj", "{F64E99BA-B070-4394-A110-CAE4313237C9}"
EndProject
Project("{8BC9CEB8-8B4A-11D0-8D11-00A0C91BC942}") = "practice12", "practice\practice12\practice12.vcxproj", "{E1694D9F-3882-4F78-A7BC-A3F486800A3A}"
EndProject
Project("{8BC9CEB8-8B4A-11D0-8D11-00A0C91BC942}") = "practice07", "practice\practice07\practice07.vcxproj", "{11107FE3-8166-46CC-B67B-17457ABE6F4F}"
EndProject
Project("{8BC9CEB8-8B4A-11D0-8D11-00A0C91BC942}") = "practice10", "practice\practice10\practice10.vcxproj", "{314572F2-8A0F-4C84-977B-93982A37B745}"
EndProject
Project("{8BC9CEB8-8B4A-11D0-8D11-00A0C91BC942}") = "problem1b", "practice\practice04\problem1b\problem1b.vcxproj", "{BCCC4818-4FCE-4FBE-930E-38A14F45F254}"
EndProject
Project("{8BC9CEB8-8B4A-11D0-8D11-00A0C91BC942}") = "problem3a", "practice\practice04\problem3a\problem3a.vcxproj", "{487F943A-E672-48F8-B48F-6CD490991BEC}"
EndProject
Project("{8BC9CEB8-8B4A-11D0-8D11-00A0C91BC942}") = "problem2b", "practice\practice04\problem2b\problem2b.vcxproj", "{EAEB7E50-FBA0-4BA1-BB28-97BD97027995}"
EndProject
Project("{8BC9CEB8-8B4A-11D0-8D11-00A0C91BC942}") = "problem1", "practice\practice09\problem1\problem1.vcxproj", "{D87A75F1-0240-4F50-B938-63A98E7302CB}"
EndProject
Project("{8BC9CEB8-8B4A-11D0-8D11-00A0C91BC942}") = "problem2", "practice\practice09\problem2\problem2.vcxproj", "{8A65CE4C-69D7-421B-B916-43D03BF1B1A2}"
EndProject
Global
	GlobalSection(SolutionConfigurationPlatforms) = preSolution
		Debug|x64 = Debug|x64
		Debug|x86 = Debug|x86
		Release|x64 = Release|x64
		Release|x86 = Release|x86
	EndGlobalSection
	GlobalSection(ProjectConfigurationPlatforms) = postSolution
		{B350C308-C442-4EAE-B1F2-139D1A8A6D22}.Debug|x64.ActiveCfg = Debug|x64
		{B350C308-C442-4EAE-B1F2-139D1A8A6D22}.Debug|x64.Build.0 = Debug|x64
		{B350C308-C442-4EAE-B1F2-139D1A8A6D22}.Debug|x86.ActiveCfg = Debug|Win32
		{B350C308-C442-4EAE-B1F2-139D1A8A6D22}.Debug|x86.Build.0 = Debug|Win32
		{B350C308-C442-4EAE-B1F2-139D1A8A6D22}.Release|x64.ActiveCfg = Release|x64
		{B350C308-C442-4EAE-B1F2-139D1A8A6D22}.Release|x64.Build.0 = Release|x64
		{B350C308-C442-4EAE-B1F2-139D1A8A6D22}.Release|x86.ActiveCfg = Release|Win32
		{B350C308-C442-4EAE-B1F2-139D1A8A6D22}.Release|x86.Build.0 = Release|Win32
		{6435B1A0-46A5-4BB2-A8E4-C525F849CDCB}.Debug|x64.ActiveCfg = Debug|x64
		{6435B1A0-46A5-4BB2-A8E4-C525F849CDCB}.Debug|x64.Build.0 = Debug|x64
		{6435B1A0-46A5-4BB2-A8E4-C525F849CDCB}.Debug|x86.ActiveCfg = Debug|Win32
		{6435B1A0-46A5-4BB2-A8E4-C525F849CDCB}.Debug|x86.Build.0 = Debug|Win32
		{6435B1A0-46A5-4BB2-A8E4-C525F849CDCB}.Release|x64.ActiveCfg = Release|x64
		{6435B1A0-46A5-4BB2-A8E4-C525F849CDCB}.Release|x64.Build.0 = Release|x64
		{6435B1A0-46A5-4BB2-A8E4-C525F849CDCB}.Release|x86.ActiveCfg = Release|Win32
		{6435B1A0-46A5-4BB2-A8E4-C525F849CDCB}.Release|x86.Build.0 = Release|Win32
		{17923A17-6EFE-433F-B325-3D68457F47BF}.Debug|x64.ActiveCfg = Debug|x64
		{17923A17-6EFE-433F-B325-3D68457F47BF}.Debug|x64.Build.0 = Debug|x64
		{17923A17-6EFE-433F-B325-3D68457F47BF}.Debug|x86.ActiveCfg = Debug|Win32
		{17923A17-6EFE-433F-B325-3D68457F47BF}.Debug|x86.Build.0 = Debug|Win32
		{17923A17-6EFE-433F-B325-3D68457F47BF}.Release|x64.ActiveCfg = Release|x64
		{17923A17-6EFE-433F-B325-3D68457F47BF}.Release|x64.Build.0 = Release|x64
		{17923A17-6EFE-433F-B325-3D68457F47BF}.Release|x86.ActiveCfg = Release|Win32
		{17923A17-6EFE-433F-B325-3D68457F47BF}.Release|x86.Build.0 = Release|Win32
		{1DDEC41F-9FE8-4DB9-9345-26424CF7A7F0}.Debug|x64.ActiveCfg = Debug|x64
		{1DDEC41F-9FE8-4DB9-9345-26424CF7A7F0}.Debug|x64.Build.0 = Debug|x64
		{1DDEC41F-9FE8-4DB9-9345-26424CF7A7F0}.Debug|x86.ActiveCfg = Debug|Win32
		{1DDEC41F-9FE8-4DB9-9345-26424CF7A7F0}.Debug|x86.Build.0 = Debug|Win32
		{1DDEC41F-9FE8-4DB9-9345-26424CF7A7F0}.Release|x64.ActiveCfg = Release|x64
		{1DDEC41F-9FE8-4DB9-9345-26424CF7A7F0}.Release|x64.Build.0 = Release|x64
		{1DDEC41F-9FE8-4DB9-9345-26424CF7A7F0}.Release|x86.ActiveCfg = Release|Win32
		{1DDEC41F-9FE8-4DB9-9345-26424CF7A7F0}.Release|x86.Build.0 = Release|Win32
		{F2CA1032-8F21-4876-A1F0-6DA3F7269426}.Debug|x64.ActiveCfg = Debug|x64
		{F2CA1032-8F21-4876-A1F0-6DA3F7269426}.Debug|x64.Build.0 = Debug|x64
		{F2CA1032-8F21-4876-A1F0-6DA3F7269426}.Debug|x86.ActiveCfg = Debug|Win32
		{F2CA1032-8F21-4876-A1F0-6DA3F7269426}.Debug|x86.Build.0 = Debug|Win32
		{F2CA1032-8F21-4876-A1F0-6DA3F7269426}.Release|x64.ActiveCfg = Release|x64
		{F2CA1032-8F21-4876-A1F0-6DA3F7269426}.Release|x64.Build.0 = Release|x64
		{F2CA1032-8F21-4876-A1F0-6DA3F7269426}.Release|x86.ActiveCfg = Release|Win32
		{F2CA1032-8F21-4876-A1F0-6DA3F7269426}.Release|x86.Build.0 = Release|Win32
		{9A89BBC4-A6E4-4153-A60C-1B387A13E3C3}.Debug|x64.ActiveCfg = Debug|x64
		{9A89BBC4-A6E4-4153-A60C-1B387A13E3C3}.Debug|x64.Build.0 = Debug|x64
		{9A89BBC4-A6E4-4153-A60C-1B387A13E3C3}.Debug|x86.ActiveCfg = Debug|Win32
		{9A89BBC4-A6E4-4153-A60C-1B387A13E3C3}.Debug|x86.Build.0 = Debug|Win32
		{9A89BBC4-A6E4-4153-A60C-1B387A13E3C3}.Release|x64.ActiveCfg = Release|x64
		{9A89BBC4-A6E4-4153-A60C-1B387A13E3C3}.Release|x64.Build.0 = Release|x64
		{9A89BBC4-A6E4-4153-A60C-1B387A13E3C3}.Release|x86.ActiveCfg = Release|Win32
		{9A89BBC4-A6E4-4153-A60C-1B387A13E3C3}.Release|x86.Build.0 = Release|Win32
		{F64E99BA-B070-4394-A110-CAE4313237C9}.Debug|x64.ActiveCfg = Debug|x64
		{F64E99BA-B070-4394-A110-CAE4313237C9}.Debug|x64.Build.0 = Debug|x64
		{F64E99BA-B070-4394-A110-CAE4313237C9}.Debug|x86.ActiveCfg = Debug|Win32
		{F64E99BA-B070-4394-A110-CAE4313237C9}.Debug|x86.Build.0 = Debug|Win32
		{F64E99BA-B070-4394-A110-CAE4313237C9}.Release|x64.ActiveCfg = Release|x64
		{F64E99BA-B070-4394-A110-CAE4313237C9}.Release|x64.Build.0 = Release|x64
		{F64E99BA-B070-4394-A110-CAE4313237C9}.Release|x86.ActiveCfg = Release|Win32
		{F64E99BA-B070-4394-A110-CAE4313237C9}.Release|x86.Build.0 = Release|Win32
		{E1694D9F-3882-4F78-A7BC-A3F486800A3A}.Debug|x64.ActiveCfg = Debug|x64
		{E1694D9F-3882-4F78-A7BC-A3F486800A3A}.Debug|x64.Build.0 = Debug|x64
		{E1694D9F-3882-4F78-A7BC-A3F486800A3A}.Debug|x86.ActiveCfg = Debug|Win32
		{E1694D9F-3882-4F78-A7BC-A3F486800A3A}.Debug|x86.Build.0 = Debug|Win32
		{E1694D9F-3882-4F78-A7BC-A3F486800A3A}.Release|x64.ActiveCfg = Release|x64
		{E1694D9F-3882-4F78-A7BC-A3F486800A3A}.Release|x64.Build.0 = Release|x64
		{E1694D9F-3882-4F78-A7BC-A3F486800A3A}.Release|x86.ActiveCfg = Release|Win32
		{E1694D9F-3882-4F78-A7BC-A3F486800A3A}.Release|x86.Build.0 = Release|Win32
		{11107FE3-8166-46CC-B67B-17457ABE6F4F}.Debug|x64.ActiveCfg = Debug|x64
		{11107FE3-8166-46CC-B67B-17457ABE6F4F}.Debug|x64.Build.0 = Debug|x64
		{11107FE3-8166-46CC-B67B-17457ABE6F4F}.Debug|x86.ActiveCfg = Debug|Win32
		{11107FE3-8166-46CC-B67B-17457ABE6F4F}.Debug|x86.Build.0 = Debug|Win32
		{11107FE3-8166-46CC-B67B-17457ABE6F4F}.Release|x64.ActiveCfg = Release|x64
		{11107FE3-8166-46CC-B67B-17457ABE6F4F}.Release|x64.Build.0 = Release|x64
		{11107FE3-8166-46CC-B67B-17457ABE6F4F}.Release|x86.ActiveCfg = Release|Win32
		{11107FE3-8166-46CC-B67B-17457ABE6F4F}.Release|x86.Build.0 = Release|Win32
		{314572F2-8A0F-4C84-977B-93982A37B745}.Debug|x64.ActiveCfg = Debug|x64
		{314572F2-8A0F-4C84-977B-93982A37B745}.Debug|x64.Build.0 = Debug|x64
		{314572F2-8A0F-4C84-977B-93982A37B745}.Debug|x86.ActiveCfg = Debug|Win32
		{314572F2-8A0F-4C84-977B-93982A37B745}.Debug|x86.Build.0 = Debug|Win32
		{314572F2-8A0F-4C84-977B-93982A37B745}.Release|x64.ActiveCfg = Release|x64
		{314572F2-8A0F-4C84-977B-93982A37B745}.Release|x64.Build.0 = Release|x64
		{314572F2-8A0F-4C84-977B-93982A37B745}.Release|x86.ActiveCfg = Release|Win32
		{314572F2-8A0F-4C84-977B-93982A37B745}.Release|x86.Build.0 = Release|Win32
		{BCCC4818-4FCE-4FBE-930E-38A14F45F254}.Debug|x64.ActiveCfg = Debug|x64
		{BCCC4818-4FCE-4FBE-930E-38A14F45F254}.Debug|x64.Build.0 = Debug|x64
		{BCCC4818-4FCE-4FBE-930E-38A14F45F254}.Debug|x86.ActiveCfg = Debug|Win32
		{BCCC4818-4FCE-4FBE-930E-38A14F45F254}.Debug|x86.Build.0 = Debug|Win32
		{BCCC4818-4FCE-4FBE-930E-38A14F45F254}.Release|x64.ActiveCfg = Release|x64
		{BCCC4818-4FCE-4FBE-930E-38A14F45F254}.Release|x64.Build.0 = Release|x64
		{BCCC4818-4FCE-4FBE-930E-38A14F45F254}.Release|x86.ActiveCfg = Release|Win32
		{BCCC4818-4FCE-4FBE-930E-38A14F45F254}.Release|x86.Build.0 = Release|Win32
		{487F943A-E672-48F8-B48F-6CD490991BEC}.Debug|x64.ActiveCfg = Debug|x64
		{487F943A-E672-48F8-B48F-6CD490991BEC}.Debug|x64.Build.0 = Debug|x64
		{487F943A-E672-48F8-B48F-6CD490991BEC}.Debug|x86.ActiveCfg = Debug|Win32
		{487F943A-E672-48F8-B48F-6CD490991BEC}.Debug|x86.Build.0 = Debug|Win32
		{487F943A-E672-48F8-B48F-6CD490991BEC}.Release|x64.ActiveCfg = Release|x64
		{487F943A-E672-48F8-B48F-6CD490991BEC}.Release|x64.Build.0 = Release|x64
		{487F943A-E672-48F8-B48F-6CD490991BEC}.Release|x86.ActiveCfg = Release|Win32
		{487F943A-E672-48F8-B48F-6CD490991BEC}.Release|x86.Build.0 = Release|Win32
		{EAEB7E50-FBA0-4BA1-BB28-97BD97027995}.Debug|x64.ActiveCfg = Debug|x64
		{EAEB7E50-FBA0-4BA1-BB28-97BD97027995}.Debug|x64.Build.0 = Debug|x64
		{EAEB7E50-FBA0-4BA1-BB28-97BD97027995}.Debug|x86.ActiveCfg = Debug|Win32
		{EAEB7E50-FBA0-4BA1-BB28-97BD97027995}.Debug|x86.Build.0 = Debug|Win32
		{EAEB7E50-FBA0-4BA1-BB28-97BD97027995}.Release|x64.ActiveCfg = Release|x64
		{EAEB7E50-FBA0-4BA1-BB28-97BD97027995}.Release|x64.Build.0 = Release|x64
		{EAEB7E50-FBA0-4BA1-BB28-97BD97027995}.Release|x86.ActiveCfg = Release|Win32
		{EAEB7E50-FBA0-4BA1-BB28-97BD97027995}.Release|x86.Build.0 = Release|Win32
		{D87A75F1-0240-4F50-B938-63A98E7302CB}.Debug|x64.ActiveCfg = Debug|x64
		{D87A75F1-0240-4F50-B938-63A98E7302CB}.Debug|x64.Build.0 = Debug|x64
		{D87A75F1-0240-4F50-B938-63A98E7302CB}.Debug|x86.ActiveCfg = Debug|Win32
		{D87A75F1-0240-4F50-B938-63A98E7302CB}.Debug|x86.Build.0 = Debug|Win32
		{D87A75F1-0240-4F50-B938-63A98E7302CB}.Release|x64.ActiveCfg = Release|x64
		{D87A75F1-0240-4F50-B938-63A98E7302CB}.Release|x64.Build.0 = Release|x64
		{D87A75F1-0240-4F50-B938-63A98E7302CB}.Release|x86.ActiveCfg = Release|Win32
		{D87A75F1-0240-4F50-B938-63A98E7302CB}.Release|x86.Build.0 = Release|Win32
		{8A65CE4C-69D7-421B-B916-43D03BF1B1A2}.Debug|x64.ActiveCfg = Debug|x64
		{8A65CE4C-69D7-421B-B916-43D03BF1B1A2}.Debug|x64.Build.0 = Debug|x64
		{8A65CE4C-69D7-421B-B916-43D03BF1B1A2}.Debug|x86.ActiveCfg = Debug|Win32
		{8A65CE4C-69D7-421B-B916-43D03BF1B1A2}.Debug|x86.Build.0 = Debug|Win32
		{8A65CE4C-69D7-421B-B916-43D03BF1B1A2}.Release|x64.ActiveCfg = Release|x64
		{8A65CE4C-69D7-421B-B916-43D03BF1B1A2}.Release|x64.Build.0 = Release|x64
		{8A65CE4C-69D7-421B-B916-43D03BF1B1A2}.Release|x86.ActiveCfg = Release|Win32
		{8A65CE4C-69D7-421B-B916-43D03BF1B1A2}.Release|x86.Build.0 = Release|Win32
	EndGlobalSection
	GlobalSection(SolutionProperties) = preSolution
		HideSolutionNode = FALSE
	EndGlobalSection
	GlobalSection(ExtensibilityGlobals) = postSolution
		SolutionGuid = {71225137-C2C9-4A93-96CA-7E8EFFFA0679}
	EndGlobalSection
EndGlobal
